
Microsoft Visual Studio Solution File, Format Version 12.00
# Visual Studio Version 17
VisualStudioVersion = 17.8.34316.72
MinimumVisualStudioVersion = 10.0.40219.1
Project("{9A19103F-16F7-4668-BE54-9A1E7A4F7556}") = "LethalAPI.Core", "LethalAPI.Core\LethalAPI.Core.csproj", "{037047FB-A85A-4647-8D94-B9450853D09E}"
EndProject
Project("{9A19103F-16F7-4668-BE54-9A1E7A4F7556}") = "LethalAPI.Bootstrapper", "LethalAPI.Bootstrapper\LethalAPI.Bootstrapper.csproj", "{057E5104-1BAD-45DF-BEEA-875576F2308F}"
EndProject
Global
	GlobalSection(SolutionConfigurationPlatforms) = preSolution
		BepInEx|Any CPU = BepInEx|Any CPU
		Debug|Any CPU = Debug|Any CPU
		Manual|Any CPU = Manual|Any CPU
		Melonloader|Any CPU = Melonloader|Any CPU
		Release|Any CPU = Release|Any CPU
	EndGlobalSection
	GlobalSection(ProjectConfigurationPlatforms) = postSolution
		{037047FB-A85A-4647-8D94-B9450853D09E}.BepInEx|Any CPU.ActiveCfg = Release|Any CPU
		{037047FB-A85A-4647-8D94-B9450853D09E}.BepInEx|Any CPU.Build.0 = Release|Any CPU
		{037047FB-A85A-4647-8D94-B9450853D09E}.Debug|Any CPU.ActiveCfg = Release|Any CPU
		{037047FB-A85A-4647-8D94-B9450853D09E}.Debug|Any CPU.Build.0 = Release|Any CPU
		{037047FB-A85A-4647-8D94-B9450853D09E}.Manual|Any CPU.ActiveCfg = Release|Any CPU
		{037047FB-A85A-4647-8D94-B9450853D09E}.Manual|Any CPU.Build.0 = Release|Any CPU
		{037047FB-A85A-4647-8D94-B9450853D09E}.Melonloader|Any CPU.ActiveCfg = Release|Any CPU
		{037047FB-A85A-4647-8D94-B9450853D09E}.Melonloader|Any CPU.Build.0 = Release|Any CPU
		{037047FB-A85A-4647-8D94-B9450853D09E}.Release|Any CPU.ActiveCfg = Release|Any CPU
		{037047FB-A85A-4647-8D94-B9450853D09E}.Release|Any CPU.Build.0 = Release|Any CPU
		{057E5104-1BAD-45DF-BEEA-875576F2308F}.BepInEx|Any CPU.ActiveCfg = BepInEx|Any CPU
		{057E5104-1BAD-45DF-BEEA-875576F2308F}.BepInEx|Any CPU.Build.0 = BepInEx|Any CPU
		{057E5104-1BAD-45DF-BEEA-875576F2308F}.Debug|Any CPU.ActiveCfg = Debug|Any CPU
		{057E5104-1BAD-45DF-BEEA-875576F2308F}.Debug|Any CPU.Build.0 = Debug|Any CPU
		{057E5104-1BAD-45DF-BEEA-875576F2308F}.Manual|Any CPU.ActiveCfg = Manual|Any CPU
		{057E5104-1BAD-45DF-BEEA-875576F2308F}.Manual|Any CPU.Build.0 = Manual|Any CPU
		{057E5104-1BAD-45DF-BEEA-875576F2308F}.Melonloader|Any CPU.ActiveCfg = Melonloader|Any CPU
		{057E5104-1BAD-45DF-BEEA-875576F2308F}.Melonloader|Any CPU.Build.0 = Melonloader|Any CPU
		{057E5104-1BAD-45DF-BEEA-875576F2308F}.Release|Any CPU.ActiveCfg = Manual|Any CPU
		{057E5104-1BAD-45DF-BEEA-875576F2308F}.Release|Any CPU.Build.0 = Manual|Any CPU
	EndGlobalSection
	GlobalSection(SolutionProperties) = preSolution
		HideSolutionNode = FALSE
	EndGlobalSection
EndGlobal
